
Microsoft Visual Studio Solution File, Format Version 12.00
# Visual Studio Version 17
VisualStudioVersion = 17.0.32112.339
MinimumVisualStudioVersion = 10.0.40219.1
Project("{FAE04EC0-301F-11D3-BF4B-00C04F79EFBC}") = "MVVMProject", "MVVMProject.csproj", "{42F5569E-1068-450B-A334-A3C9098AB0AF}"
EndProject
Global
	GlobalSection(SolutionConfigurationPlatforms) = preSolution
		Debug|Any CPU = Debug|Any CPU
		Release|Any CPU = Release|Any CPU
	EndGlobalSection
	GlobalSection(ProjectConfigurationPlatforms) = postSolution
		{42F5569E-1068-450B-A334-A3C9098AB0AF}.Debug|Any CPU.ActiveCfg = Debug|Any CPU
		{42F5569E-1068-450B-A334-A3C9098AB0AF}.Debug|Any CPU.Build.0 = Debug|Any CPU
		{42F5569E-1068-450B-A334-A3C9098AB0AF}.Release|Any CPU.ActiveCfg = Release|Any CPU
		{42F5569E-1068-450B-A334-A3C9098AB0AF}.Release|Any CPU.Build.0 = Release|Any CPU
	EndGlobalSection
	GlobalSection(SolutionProperties) = preSolution
		HideSolutionNode = FALSE
	EndGlobalSection
	GlobalSection(ExtensibilityGlobals) = postSolution
		SolutionGuid = {CD7CE91A-EAC3-424D-A12B-529FC2F495D2}
	EndGlobalSection
EndGlobal
